<?xml version="1.0" encoding="utf-8"?>
<Project ToolsVersion="4.0" xmlns="http://schemas.microsoft.com/developer/msbuild/2003">
  <ItemGroup>
    <Filter Include="Common">
      <UniqueIdentifier>990e288b-493f-4ec5-9ace-a3ae34653ce3</UniqueIdentifier>
    </Filter>
    <Filter Include="Assets">
      <UniqueIdentifier>bbe266b8-a1fd-4d6f-bc0a-b362fe6e8969</UniqueIdentifier>
      <Extensions>bmp;fbx;gif;jpg;jpeg;tga;tiff;tif;png</Extensions>
    </Filter>
    <Filter Include="Content">
      <UniqueIdentifier>5df51289-bbbc-4a9a-b6a4-92d0e17703de</UniqueIdentifier>
    </Filter>
    <Filter Include="Content\Shaders">
      <UniqueIdentifier>4246b0f6-3168-41c4-b199-5ce2ce4bc0a9</UniqueIdentifier>
    </Filter>
    <ClInclude Include="Common\DirectXHelper.h">
      <Filter>Common</Filter>
    </ClInclude>
    <ClInclude Include="Common\StepTimer.h">
      <Filter>Common</Filter>
    </ClInclude>
    <ClInclude Include="Common\DeviceResources.h">
      <Filter>Common</Filter>
    </ClInclude>
    <ClCompile Include="Common\DeviceResources.cpp">
      <Filter>Common</Filter>
    </ClCompile>
    <ClInclude Include="Common\CameraResources.h">
      <Filter>Common</Filter>
    </ClInclude>
    <ClCompile Include="Common\CameraResources.cpp">
      <Filter>Common</Filter>
    </ClCompile>
    <Image Include="Assets\LockScreenLogo.scale-200.png">
      <Filter>Assets</Filter>
    </Image>
    <Image Include="Assets\SplashScreen.scale-200.png">
      <Filter>Assets</Filter>
    </Image>
    <Image Include="Assets\Square150x150Logo.scale-200.png">
      <Filter>Assets</Filter>
    </Image>
    <Image Include="Assets\Square44x44Logo.scale-200.png">
      <Filter>Assets</Filter>
    </Image>
    <Image Include="Assets\StoreLogo.png">
      <Filter>Assets</Filter>
    </Image>
    <Image Include="Assets\Wide310x150Logo.scale-200.png">
      <Filter>Assets</Filter>
    </Image>
  </ItemGroup>
  <ItemGroup>
    <ClCompile Include="pch.cpp" />
    <ClCompile Include="AppView.cpp" />
    <ClCompile Include="Content\SpatialInputHandler.cpp">
      <Filter>Content</Filter>
    </ClCompile>
    <ClCompile Include="Common\ObjectTracker.cpp">
      <Filter>Common</Filter>
    </ClCompile>
    <ClCompile Include="Content\PrimitiveRenderer.cpp">
      <Filter>Content</Filter>
    </ClCompile>
    <ClCompile Include="Content\GeometricPrimitives.cpp">
      <Filter>Content</Filter>
    </ClCompile>
    <ClCompile Include="AoaSampleAppMain.cpp" />
  </ItemGroup>
  <ItemGroup>
    <ClInclude Include="pch.h" />
    <ClInclude Include="AppView.h" />
    <ClInclude Include="Content\SpatialInputHandler.h">
      <Filter>Content</Filter>
    </ClInclude>
    <ClInclude Include="Content\ShaderStructures.h">
      <Filter>Content</Filter>
    </ClInclude>
    <ClInclude Include="Common\ObjectTracker.h">
      <Filter>Common</Filter>
    </ClInclude>
    <ClInclude Include="Content\PrimitiveRenderer.h">
      <Filter>Content</Filter>
    </ClInclude>
    <ClInclude Include="Content\GeometricPrimitives.h">
      <Filter>Content</Filter>
    </ClInclude>
    <ClInclude Include="AoaSampleAppMain.h" />
    <ClInclude Include="Common\SafeCast.h">
      <Filter>Common</Filter>
    </ClInclude>
    <ClInclude Include="Common\FileUtilities.h">
      <Filter>Common</Filter>
    </ClInclude>
  </ItemGroup>
  <ItemGroup>
    <None Include="Content\VertexShaderShared.hlsl">
      <Filter>Content\Shaders</Filter>
    </None>
    <FxCompile Include="Content\VertexShader.hlsl">
      <Filter>Content\Shaders</Filter>
    </FxCompile>
    <FxCompile Include="Content\GeometryShader.hlsl">
      <Filter>Content\Shaders</Filter>
    </FxCompile>
    <FxCompile Include="Content\PixelShader.hlsl">
      <Filter>Content\Shaders</Filter>
    </FxCompile>
    <FxCompile Include="Content\VPRTVertexShader.hlsl">
      <Filter>Content\Shaders</Filter>
    </FxCompile>
    <None Include="PropertySheet.props" />
    <None Include="packages.config" />
  </ItemGroup>
  <ItemGroup>
    <AppxManifest Include="Package.appxmanifest" />
  </ItemGroup>
</Project>